// !$*UTF8*$!
{
	archiveVersion = 1;
	classes = {
	};
	objectVersion = 55;
	objects = {

/* Begin PBXBuildFile section */
		4004354F27D90FE1007F67A4 /* LogInViewController.swift in Sources */ = {isa = PBXBuildFile; fileRef = 4004354E27D90FE1007F67A4 /* LogInViewController.swift */; };
		4004355127D90FF9007F67A4 /* FeedViewController.swift in Sources */ = {isa = PBXBuildFile; fileRef = 4004355027D90FF9007F67A4 /* FeedViewController.swift */; };
		4004355327D9A80B007F67A4 /* CameraViewController.swift in Sources */ = {isa = PBXBuildFile; fileRef = 4004355227D9A80B007F67A4 /* CameraViewController.swift */; };
		4004355527DA6E8B007F67A4 /* PostCell.swift in Sources */ = {isa = PBXBuildFile; fileRef = 4004355427DA6E8B007F67A4 /* PostCell.swift */; };
		40137AB127D9033400D35F01 /* AppDelegate.swift in Sources */ = {isa = PBXBuildFile; fileRef = 40137AB027D9033400D35F01 /* AppDelegate.swift */; };
		40137AB327D9033400D35F01 /* SceneDelegate.swift in Sources */ = {isa = PBXBuildFile; fileRef = 40137AB227D9033400D35F01 /* SceneDelegate.swift */; };
		40137AB827D9033400D35F01 /* Main.storyboard in Resources */ = {isa = PBXBuildFile; fileRef = 40137AB627D9033400D35F01 /* Main.storyboard */; };
		40137ABB27D9033400D35F01 /* Parstagram.xcdatamodeld in Sources */ = {isa = PBXBuildFile; fileRef = 40137AB927D9033400D35F01 /* Parstagram.xcdatamodeld */; };
		40137ABD27D9033500D35F01 /* Assets.xcassets in Resources */ = {isa = PBXBuildFile; fileRef = 40137ABC27D9033500D35F01 /* Assets.xcassets */; };
		40137AC027D9033500D35F01 /* LaunchScreen.storyboard in Resources */ = {isa = PBXBuildFile; fileRef = 40137ABE27D9033500D35F01 /* LaunchScreen.storyboard */; };
		40137ACB27D9033500D35F01 /* ParstagramTests.swift in Sources */ = {isa = PBXBuildFile; fileRef = 40137ACA27D9033500D35F01 /* ParstagramTests.swift */; };
		40137AD527D9033500D35F01 /* ParstagramUITests.swift in Sources */ = {isa = PBXBuildFile; fileRef = 40137AD427D9033500D35F01 /* ParstagramUITests.swift */; };
		40137AD727D9033500D35F01 /* ParstagramUITestsLaunchTests.swift in Sources */ = {isa = PBXBuildFile; fileRef = 40137AD627D9033500D35F01 /* ParstagramUITestsLaunchTests.swift */; };
		406D56EF27DA9C2700C6D5D5 /* FeedViewController.swift in Sources */ = {isa = PBXBuildFile; fileRef = 4004355027D90FF9007F67A4 /* FeedViewController.swift */; };
		406D56F027DA9C2800C6D5D5 /* FeedViewController.swift in Sources */ = {isa = PBXBuildFile; fileRef = 4004355027D90FF9007F67A4 /* FeedViewController.swift */; };
		4ED4A6C6E5A39912E112961D /* Pods_Parstagram_ParstagramUITests.framework in Frameworks */ = {isa = PBXBuildFile; fileRef = 94BB2A9FDAEBAFB08AD82769 /* Pods_Parstagram_ParstagramUITests.framework */; };
		A24B2C584CD868F275B6FE21 /* Pods_ParstagramTests.framework in Frameworks */ = {isa = PBXBuildFile; fileRef = FCD3C76A97997313E679EB4B /* Pods_ParstagramTests.framework */; };
		DF2821DA16AE14EBC17E88F0 /* Pods_Parstagram.framework in Frameworks */ = {isa = PBXBuildFile; fileRef = A0148808C364C788F30BF0C4 /* Pods_Parstagram.framework */; };
/* End PBXBuildFile section */

/* Begin PBXContainerItemProxy section */
		40137AC727D9033500D35F01 /* PBXContainerItemProxy */ = {
			isa = PBXContainerItemProxy;
			containerPortal = 40137AA527D9033400D35F01 /* Project object */;
			proxyType = 1;
			remoteGlobalIDString = 40137AAC27D9033400D35F01;
			remoteInfo = Parstagram;
		};
		40137AD127D9033500D35F01 /* PBXContainerItemProxy */ = {
			isa = PBXContainerItemProxy;
			containerPortal = 40137AA527D9033400D35F01 /* Project object */;
			proxyType = 1;
			remoteGlobalIDString = 40137AAC27D9033400D35F01;
			remoteInfo = Parstagram;
		};
/* End PBXContainerItemProxy section */

/* Begin PBXFileReference section */
		0131BAD91122E2183728CE40 /* Pods-Parstagram-ParstagramUITests.release.xcconfig */ = {isa = PBXFileReference; includeInIndex = 1; lastKnownFileType = text.xcconfig; name = "Pods-Parstagram-ParstagramUITests.release.xcconfig"; path = "Target Support Files/Pods-Parstagram-ParstagramUITests/Pods-Parstagram-ParstagramUITests.release.xcconfig"; sourceTree = "<group>"; };
		2963A142EF035B5AF4726564 /* Pods-ParstagramTests.debug.xcconfig */ = {isa = PBXFileReference; includeInIndex = 1; lastKnownFileType = text.xcconfig; name = "Pods-ParstagramTests.debug.xcconfig"; path = "Target Support Files/Pods-ParstagramTests/Pods-ParstagramTests.debug.xcconfig"; sourceTree = "<group>"; };
		4004354E27D90FE1007F67A4 /* LogInViewController.swift */ = {isa = PBXFileReference; lastKnownFileType = sourcecode.swift; path = LogInViewController.swift; sourceTree = "<group>"; };
		4004355027D90FF9007F67A4 /* FeedViewController.swift */ = {isa = PBXFileReference; lastKnownFileType = sourcecode.swift; path = FeedViewController.swift; sourceTree = "<group>"; };
		4004355227D9A80B007F67A4 /* CameraViewController.swift */ = {isa = PBXFileReference; lastKnownFileType = sourcecode.swift; path = CameraViewController.swift; sourceTree = "<group>"; };
		4004355427DA6E8B007F67A4 /* PostCell.swift */ = {isa = PBXFileReference; lastKnownFileType = sourcecode.swift; path = PostCell.swift; sourceTree = "<group>"; };
		40137AAD27D9033400D35F01 /* Parstagram.app */ = {isa = PBXFileReference; explicitFileType = wrapper.application; includeInIndex = 0; path = Parstagram.app; sourceTree = BUILT_PRODUCTS_DIR; };
		40137AB027D9033400D35F01 /* AppDelegate.swift */ = {isa = PBXFileReference; lastKnownFileType = sourcecode.swift; path = AppDelegate.swift; sourceTree = "<group>"; };
		40137AB227D9033400D35F01 /* SceneDelegate.swift */ = {isa = PBXFileReference; lastKnownFileType = sourcecode.swift; path = SceneDelegate.swift; sourceTree = "<group>"; };
		40137AB727D9033400D35F01 /* Base */ = {isa = PBXFileReference; lastKnownFileType = file.storyboard; name = Base; path = Base.lproj/Main.storyboard; sourceTree = "<group>"; };
		40137ABA27D9033400D35F01 /* Parstagram.xcdatamodel */ = {isa = PBXFileReference; lastKnownFileType = wrapper.xcdatamodel; path = Parstagram.xcdatamodel; sourceTree = "<group>"; };
		40137ABC27D9033500D35F01 /* Assets.xcassets */ = {isa = PBXFileReference; lastKnownFileType = folder.assetcatalog; path = Assets.xcassets; sourceTree = "<group>"; };
		40137ABF27D9033500D35F01 /* Base */ = {isa = PBXFileReference; lastKnownFileType = file.storyboard; name = Base; path = Base.lproj/LaunchScreen.storyboard; sourceTree = "<group>"; };
		40137AC127D9033500D35F01 /* Info.plist */ = {isa = PBXFileReference; lastKnownFileType = text.plist.xml; path = Info.plist; sourceTree = "<group>"; };
		40137AC627D9033500D35F01 /* ParstagramTests.xctest */ = {isa = PBXFileReference; explicitFileType = wrapper.cfbundle; includeInIndex = 0; path = ParstagramTests.xctest; sourceTree = BUILT_PRODUCTS_DIR; };
		40137ACA27D9033500D35F01 /* ParstagramTests.swift */ = {isa = PBXFileReference; lastKnownFileType = sourcecode.swift; path = ParstagramTests.swift; sourceTree = "<group>"; };
		40137AD027D9033500D35F01 /* ParstagramUITests.xctest */ = {isa = PBXFileReference; explicitFileType = wrapper.cfbundle; includeInIndex = 0; path = ParstagramUITests.xctest; sourceTree = BUILT_PRODUCTS_DIR; };
		40137AD427D9033500D35F01 /* ParstagramUITests.swift */ = {isa = PBXFileReference; lastKnownFileType = sourcecode.swift; path = ParstagramUITests.swift; sourceTree = "<group>"; };
		40137AD627D9033500D35F01 /* ParstagramUITestsLaunchTests.swift */ = {isa = PBXFileReference; lastKnownFileType = sourcecode.swift; path = ParstagramUITestsLaunchTests.swift; sourceTree = "<group>"; };
		8A86566E22FAE23CD76D7C36 /* Pods-ParstagramTests.release.xcconfig */ = {isa = PBXFileReference; includeInIndex = 1; lastKnownFileType = text.xcconfig; name = "Pods-ParstagramTests.release.xcconfig"; path = "Target Support Files/Pods-ParstagramTests/Pods-ParstagramTests.release.xcconfig"; sourceTree = "<group>"; };
		94BB2A9FDAEBAFB08AD82769 /* Pods_Parstagram_ParstagramUITests.framework */ = {isa = PBXFileReference; explicitFileType = wrapper.framework; includeInIndex = 0; path = Pods_Parstagram_ParstagramUITests.framework; sourceTree = BUILT_PRODUCTS_DIR; };
		A0148808C364C788F30BF0C4 /* Pods_Parstagram.framework */ = {isa = PBXFileReference; explicitFileType = wrapper.framework; includeInIndex = 0; path = Pods_Parstagram.framework; sourceTree = BUILT_PRODUCTS_DIR; };
		A9FF0733F91DBBEA32B6A7CC /* Pods-Parstagram-ParstagramUITests.debug.xcconfig */ = {isa = PBXFileReference; includeInIndex = 1; lastKnownFileType = text.xcconfig; name = "Pods-Parstagram-ParstagramUITests.debug.xcconfig"; path = "Target Support Files/Pods-Parstagram-ParstagramUITests/Pods-Parstagram-ParstagramUITests.debug.xcconfig"; sourceTree = "<group>"; };
		B62C288987AC90388398318D /* Pods-Parstagram.release.xcconfig */ = {isa = PBXFileReference; includeInIndex = 1; lastKnownFileType = text.xcconfig; name = "Pods-Parstagram.release.xcconfig"; path = "Target Support Files/Pods-Parstagram/Pods-Parstagram.release.xcconfig"; sourceTree = "<group>"; };
		C7A6D0EA6A0EBEBE8D831D2E /* Pods-Parstagram.debug.xcconfig */ = {isa = PBXFileReference; includeInIndex = 1; lastKnownFileType = text.xcconfig; name = "Pods-Parstagram.debug.xcconfig"; path = "Target Support Files/Pods-Parstagram/Pods-Parstagram.debug.xcconfig"; sourceTree = "<group>"; };
		FCD3C76A97997313E679EB4B /* Pods_ParstagramTests.framework */ = {isa = PBXFileReference; explicitFileType = wrapper.framework; includeInIndex = 0; path = Pods_ParstagramTests.framework; sourceTree = BUILT_PRODUCTS_DIR; };
/* End PBXFileReference section */

/* Begin PBXFrameworksBuildPhase section */
		40137AAA27D9033400D35F01 /* Frameworks */ = {
			isa = PBXFrameworksBuildPhase;
			buildActionMask = 2147483647;
			files = (
				DF2821DA16AE14EBC17E88F0 /* Pods_Parstagram.framework in Frameworks */,
			);
			runOnlyForDeploymentPostprocessing = 0;
		};
		40137AC327D9033500D35F01 /* Frameworks */ = {
			isa = PBXFrameworksBuildPhase;
			buildActionMask = 2147483647;
			files = (
				A24B2C584CD868F275B6FE21 /* Pods_ParstagramTests.framework in Frameworks */,
			);
			runOnlyForDeploymentPostprocessing = 0;
		};
		40137ACD27D9033500D35F01 /* Frameworks */ = {
			isa = PBXFrameworksBuildPhase;
			buildActionMask = 2147483647;
			files = (
				4ED4A6C6E5A39912E112961D /* Pods_Parstagram_ParstagramUITests.framework in Frameworks */,
			);
			runOnlyForDeploymentPostprocessing = 0;
		};
/* End PBXFrameworksBuildPhase section */

/* Begin PBXGroup section */
		0D9B3341C96A8A77AA0C84BF /* Pods */ = {
			isa = PBXGroup;
			children = (
				C7A6D0EA6A0EBEBE8D831D2E /* Pods-Parstagram.debug.xcconfig */,
				B62C288987AC90388398318D /* Pods-Parstagram.release.xcconfig */,
				A9FF0733F91DBBEA32B6A7CC /* Pods-Parstagram-ParstagramUITests.debug.xcconfig */,
				0131BAD91122E2183728CE40 /* Pods-Parstagram-ParstagramUITests.release.xcconfig */,
				2963A142EF035B5AF4726564 /* Pods-ParstagramTests.debug.xcconfig */,
				8A86566E22FAE23CD76D7C36 /* Pods-ParstagramTests.release.xcconfig */,
			);
			path = Pods;
			sourceTree = "<group>";
		};
		40137AA427D9033400D35F01 = {
			isa = PBXGroup;
			children = (
				40137AAF27D9033400D35F01 /* Parstagram */,
				40137AC927D9033500D35F01 /* ParstagramTests */,
				40137AD327D9033500D35F01 /* ParstagramUITests */,
				40137AAE27D9033400D35F01 /* Products */,
				0D9B3341C96A8A77AA0C84BF /* Pods */,
				9063E319736400990A0EAB54 /* Frameworks */,
			);
			sourceTree = "<group>";
		};
		40137AAE27D9033400D35F01 /* Products */ = {
			isa = PBXGroup;
			children = (
				40137AAD27D9033400D35F01 /* Parstagram.app */,
				40137AC627D9033500D35F01 /* ParstagramTests.xctest */,
				40137AD027D9033500D35F01 /* ParstagramUITests.xctest */,
			);
			name = Products;
			sourceTree = "<group>";
		};
		40137AAF27D9033400D35F01 /* Parstagram */ = {
			isa = PBXGroup;
			children = (
				40137AB027D9033400D35F01 /* AppDelegate.swift */,
				40137AB227D9033400D35F01 /* SceneDelegate.swift */,
				40137AB627D9033400D35F01 /* Main.storyboard */,
				40137ABC27D9033500D35F01 /* Assets.xcassets */,
				40137ABE27D9033500D35F01 /* LaunchScreen.storyboard */,
				40137AC127D9033500D35F01 /* Info.plist */,
				40137AB927D9033400D35F01 /* Parstagram.xcdatamodeld */,
				4004354E27D90FE1007F67A4 /* LogInViewController.swift */,
				4004355027D90FF9007F67A4 /* FeedViewController.swift */,
				4004355227D9A80B007F67A4 /* CameraViewController.swift */,
				4004355427DA6E8B007F67A4 /* PostCell.swift */,
			);
			path = Parstagram;
			sourceTree = "<group>";
		};
		40137AC927D9033500D35F01 /* ParstagramTests */ = {
			isa = PBXGroup;
			children = (
				40137ACA27D9033500D35F01 /* ParstagramTests.swift */,
			);
			path = ParstagramTests;
			sourceTree = "<group>";
		};
		40137AD327D9033500D35F01 /* ParstagramUITests */ = {
			isa = PBXGroup;
			children = (
				40137AD427D9033500D35F01 /* ParstagramUITests.swift */,
				40137AD627D9033500D35F01 /* ParstagramUITestsLaunchTests.swift */,
			);
			path = ParstagramUITests;
			sourceTree = "<group>";
		};
		9063E319736400990A0EAB54 /* Frameworks */ = {
			isa = PBXGroup;
			children = (
				A0148808C364C788F30BF0C4 /* Pods_Parstagram.framework */,
				94BB2A9FDAEBAFB08AD82769 /* Pods_Parstagram_ParstagramUITests.framework */,
				FCD3C76A97997313E679EB4B /* Pods_ParstagramTests.framework */,
			);
			name = Frameworks;
			sourceTree = "<group>";
		};
/* End PBXGroup section */

/* Begin PBXNativeTarget section */
		40137AAC27D9033400D35F01 /* Parstagram */ = {
			isa = PBXNativeTarget;
			buildConfigurationList = 40137ADA27D9033500D35F01 /* Build configuration list for PBXNativeTarget "Parstagram" */;
			buildPhases = (
				8608E3E429EB9E6BF2EF6CC0 /* [CP] Check Pods Manifest.lock */,
				40137AA927D9033400D35F01 /* Sources */,
				40137AAA27D9033400D35F01 /* Frameworks */,
				40137AAB27D9033400D35F01 /* Resources */,
				AE7299C9861B01C3DB330332 /* [CP] Embed Pods Frameworks */,
			);
			buildRules = (
			);
			dependencies = (
			);
			name = Parstagram;
			productName = Parstagram;
			productReference = 40137AAD27D9033400D35F01 /* Parstagram.app */;
			productType = "com.apple.product-type.application";
		};
		40137AC527D9033500D35F01 /* ParstagramTests */ = {
			isa = PBXNativeTarget;
			buildConfigurationList = 40137ADD27D9033500D35F01 /* Build configuration list for PBXNativeTarget "ParstagramTests" */;
			buildPhases = (
				71AEC911B35AB1209F29B266 /* [CP] Check Pods Manifest.lock */,
				40137AC227D9033500D35F01 /* Sources */,
				40137AC327D9033500D35F01 /* Frameworks */,
				40137AC427D9033500D35F01 /* Resources */,
			);
			buildRules = (
			);
			dependencies = (
				40137AC827D9033500D35F01 /* PBXTargetDependency */,
			);
			name = ParstagramTests;
			productName = ParstagramTests;
			productReference = 40137AC627D9033500D35F01 /* ParstagramTests.xctest */;
			productType = "com.apple.product-type.bundle.unit-test";
		};
		40137ACF27D9033500D35F01 /* ParstagramUITests */ = {
			isa = PBXNativeTarget;
			buildConfigurationList = 40137AE027D9033500D35F01 /* Build configuration list for PBXNativeTarget "ParstagramUITests" */;
			buildPhases = (
				DC21FBE7779D9BD20ADF06FC /* [CP] Check Pods Manifest.lock */,
				40137ACC27D9033500D35F01 /* Sources */,
				40137ACD27D9033500D35F01 /* Frameworks */,
				40137ACE27D9033500D35F01 /* Resources */,
				551767BDEE15C09AC2FC6D49 /* [CP] Embed Pods Frameworks */,
			);
			buildRules = (
			);
			dependencies = (
				40137AD227D9033500D35F01 /* PBXTargetDependency */,
			);
			name = ParstagramUITests;
			productName = ParstagramUITests;
			productReference = 40137AD027D9033500D35F01 /* ParstagramUITests.xctest */;
			productType = "com.apple.product-type.bundle.ui-testing";
		};
/* End PBXNativeTarget section */

/* Begin PBXProject section */
		40137AA527D9033400D35F01 /* Project object */ = {
			isa = PBXProject;
			attributes = {
				BuildIndependentTargetsInParallel = 1;
				LastSwiftUpdateCheck = 1320;
				LastUpgradeCheck = 1320;
				TargetAttributes = {
					40137AAC27D9033400D35F01 = {
						CreatedOnToolsVersion = 13.2.1;
					};
					40137AC527D9033500D35F01 = {
						CreatedOnToolsVersion = 13.2.1;
						TestTargetID = 40137AAC27D9033400D35F01;
					};
					40137ACF27D9033500D35F01 = {
						CreatedOnToolsVersion = 13.2.1;
						TestTargetID = 40137AAC27D9033400D35F01;
					};
				};
			};
			buildConfigurationList = 40137AA827D9033400D35F01 /* Build configuration list for PBXProject "Parstagram" */;
			compatibilityVersion = "Xcode 13.0";
			developmentRegion = en;
			hasScannedForEncodings = 0;
			knownRegions = (
				en,
				Base,
			);
			mainGroup = 40137AA427D9033400D35F01;
			productRefGroup = 40137AAE27D9033400D35F01 /* Products */;
			projectDirPath = "";
			projectRoot = "";
			targets = (
				40137AAC27D9033400D35F01 /* Parstagram */,
				40137AC527D9033500D35F01 /* ParstagramTests */,
				40137ACF27D9033500D35F01 /* ParstagramUITests */,
			);
		};
/* End PBXProject section */

/* Begin PBXResourcesBuildPhase section */
		40137AAB27D9033400D35F01 /* Resources */ = {
			isa = PBXResourcesBuildPhase;
			buildActionMask = 2147483647;
			files = (
				40137AC027D9033500D35F01 /* LaunchScreen.storyboard in Resources */,
				40137ABD27D9033500D35F01 /* Assets.xcassets in Resources */,
				40137AB827D9033400D35F01 /* Main.storyboard in Resources */,
			);
			runOnlyForDeploymentPostprocessing = 0;
		};
		40137AC427D9033500D35F01 /* Resources */ = {
			isa = PBXResourcesBuildPhase;
			buildActionMask = 2147483647;
			files = (
			);
			runOnlyForDeploymentPostprocessing = 0;
		};
		40137ACE27D9033500D35F01 /* Resources */ = {
			isa = PBXResourcesBuildPhase;
			buildActionMask = 2147483647;
			files = (
			);
			runOnlyForDeploymentPostprocessing = 0;
		};
/* End PBXResourcesBuildPhase section */

/* Begin PBXShellScriptBuildPhase section */
		551767BDEE15C09AC2FC6D49 /* [CP] Embed Pods Frameworks */ = {
			isa = PBXShellScriptBuildPhase;
			buildActionMask = 2147483647;
			files = (
			);
			inputFileListPaths = (
				"${PODS_ROOT}/Target Support Files/Pods-Parstagram-ParstagramUITests/Pods-Parstagram-ParstagramUITests-frameworks-${CONFIGURATION}-input-files.xcfilelist",
			);
			name = "[CP] Embed Pods Frameworks";
			outputFileListPaths = (
				"${PODS_ROOT}/Target Support Files/Pods-Parstagram-ParstagramUITests/Pods-Parstagram-ParstagramUITests-frameworks-${CONFIGURATION}-output-files.xcfilelist",
			);
			runOnlyForDeploymentPostprocessing = 0;
			shellPath = /bin/sh;
			shellScript = "\"${PODS_ROOT}/Target Support Files/Pods-Parstagram-ParstagramUITests/Pods-Parstagram-ParstagramUITests-frameworks.sh\"\n";
			showEnvVarsInLog = 0;
		};
		71AEC911B35AB1209F29B266 /* [CP] Check Pods Manifest.lock */ = {
			isa = PBXShellScriptBuildPhase;
			buildActionMask = 2147483647;
			files = (
			);
			inputFileListPaths = (
			);
			inputPaths = (
				"${PODS_PODFILE_DIR_PATH}/Podfile.lock",
				"${PODS_ROOT}/Manifest.lock",
			);
			name = "[CP] Check Pods Manifest.lock";
			outputFileListPaths = (
			);
			outputPaths = (
				"$(DERIVED_FILE_DIR)/Pods-ParstagramTests-checkManifestLockResult.txt",
			);
			runOnlyForDeploymentPostprocessing = 0;
			shellPath = /bin/sh;
			shellScript = "diff \"${PODS_PODFILE_DIR_PATH}/Podfile.lock\" \"${PODS_ROOT}/Manifest.lock\" > /dev/null\nif [ $? != 0 ] ; then\n    # print error to STDERR\n    echo \"error: The sandbox is not in sync with the Podfile.lock. Run 'pod install' or update your CocoaPods installation.\" >&2\n    exit 1\nfi\n# This output is used by Xcode 'outputs' to avoid re-running this script phase.\necho \"SUCCESS\" > \"${SCRIPT_OUTPUT_FILE_0}\"\n";
			showEnvVarsInLog = 0;
		};
		8608E3E429EB9E6BF2EF6CC0 /* [CP] Check Pods Manifest.lock */ = {
			isa = PBXShellScriptBuildPhase;
			buildActionMask = 2147483647;
			files = (
			);
			inputFileListPaths = (
			);
			inputPaths = (
				"${PODS_PODFILE_DIR_PATH}/Podfile.lock",
				"${PODS_ROOT}/Manifest.lock",
			);
			name = "[CP] Check Pods Manifest.lock";
			outputFileListPaths = (
			);
			outputPaths = (
				"$(DERIVED_FILE_DIR)/Pods-Parstagram-checkManifestLockResult.txt",
			);
			runOnlyForDeploymentPostprocessing = 0;
			shellPath = /bin/sh;
			shellScript = "diff \"${PODS_PODFILE_DIR_PATH}/Podfile.lock\" \"${PODS_ROOT}/Manifest.lock\" > /dev/null\nif [ $? != 0 ] ; then\n    # print error to STDERR\n    echo \"error: The sandbox is not in sync with the Podfile.lock. Run 'pod install' or update your CocoaPods installation.\" >&2\n    exit 1\nfi\n# This output is used by Xcode 'outputs' to avoid re-running this script phase.\necho \"SUCCESS\" > \"${SCRIPT_OUTPUT_FILE_0}\"\n";
			showEnvVarsInLog = 0;
		};
		AE7299C9861B01C3DB330332 /* [CP] Embed Pods Frameworks */ = {
			isa = PBXShellScriptBuildPhase;
			buildActionMask = 2147483647;
			files = (
			);
			inputFileListPaths = (
				"${PODS_ROOT}/Target Support Files/Pods-Parstagram/Pods-Parstagram-frameworks-${CONFIGURATION}-input-files.xcfilelist",
			);
			name = "[CP] Embed Pods Frameworks";
			outputFileListPaths = (
				"${PODS_ROOT}/Target Support Files/Pods-Parstagram/Pods-Parstagram-frameworks-${CONFIGURATION}-output-files.xcfilelist",
			);
			runOnlyForDeploymentPostprocessing = 0;
			shellPath = /bin/sh;
			shellScript = "\"${PODS_ROOT}/Target Support Files/Pods-Parstagram/Pods-Parstagram-frameworks.sh\"\n";
			showEnvVarsInLog = 0;
		};
		DC21FBE7779D9BD20ADF06FC /* [CP] Check Pods Manifest.lock */ = {
			isa = PBXShellScriptBuildPhase;
			buildActionMask = 2147483647;
			files = (
			);
			inputFileListPaths = (
			);
			inputPaths = (
				"${PODS_PODFILE_DIR_PATH}/Podfile.lock",
				"${PODS_ROOT}/Manifest.lock",
			);
			name = "[CP] Check Pods Manifest.lock";
			outputFileListPaths = (
			);
			outputPaths = (
				"$(DERIVED_FILE_DIR)/Pods-Parstagram-ParstagramUITests-checkManifestLockResult.txt",
			);
			runOnlyForDeploymentPostprocessing = 0;
			shellPath = /bin/sh;
			shellScript = "diff \"${PODS_PODFILE_DIR_PATH}/Podfile.lock\" \"${PODS_ROOT}/Manifest.lock\" > /dev/null\nif [ $? != 0 ] ; then\n    # print error to STDERR\n    echo \"error: The sandbox is not in sync with the Podfile.lock. Run 'pod install' or update your CocoaPods installation.\" >&2\n    exit 1\nfi\n# This output is used by Xcode 'outputs' to avoid re-running this script phase.\necho \"SUCCESS\" > \"${SCRIPT_OUTPUT_FILE_0}\"\n";
			showEnvVarsInLog = 0;
		};
/* End PBXShellScriptBuildPhase section */

/* Begin PBXSourcesBuildPhase section */
		40137AA927D9033400D35F01 /* Sources */ = {
			isa = PBXSourcesBuildPhase;
			buildActionMask = 2147483647;
			files = (
				4004355527DA6E8B007F67A4 /* PostCell.swift in Sources */,
				4004354F27D90FE1007F67A4 /* LogInViewController.swift in Sources */,
				40137ABB27D9033400D35F01 /* Parstagram.xcdatamodeld in Sources */,
				4004355127D90FF9007F67A4 /* FeedViewController.swift in Sources */,
				40137AB127D9033400D35F01 /* AppDelegate.swift in Sources */,
				40137AB327D9033400D35F01 /* SceneDelegate.swift in Sources */,
				4004355327D9A80B007F67A4 /* CameraViewController.swift in Sources */,
			);
			runOnlyForDeploymentPostprocessing = 0;
		};
		40137AC227D9033500D35F01 /* Sources */ = {
			isa = PBXSourcesBuildPhase;
			buildActionMask = 2147483647;
			files = (
				406D56F027DA9C2800C6D5D5 /* FeedViewController.swift in Sources */,
				40137ACB27D9033500D35F01 /* ParstagramTests.swift in Sources */,
			);
			runOnlyForDeploymentPostprocessing = 0;
		};
		40137ACC27D9033500D35F01 /* Sources */ = {
			isa = PBXSourcesBuildPhase;
			buildActionMask = 2147483647;
			files = (
				40137AD727D9033500D35F01 /* ParstagramUITestsLaunchTests.swift in Sources */,
				406D56EF27DA9C2700C6D5D5 /* FeedViewController.swift in Sources */,
				40137AD527D9033500D35F01 /* ParstagramUITests.swift in Sources */,
			);
			runOnlyForDeploymentPostprocessing = 0;
		};
/* End PBXSourcesBuildPhase section */

/* Begin PBXTargetDependency section */
		40137AC827D9033500D35F01 /* PBXTargetDependency */ = {
			isa = PBXTargetDependency;
			target = 40137AAC27D9033400D35F01 /* Parstagram */;
			targetProxy = 40137AC727D9033500D35F01 /* PBXContainerItemProxy */;
		};
		40137AD227D9033500D35F01 /* PBXTargetDependency */ = {
			isa = PBXTargetDependency;
			target = 40137AAC27D9033400D35F01 /* Parstagram */;
			targetProxy = 40137AD127D9033500D35F01 /* PBXContainerItemProxy */;
		};
/* End PBXTargetDependency section */

/* Begin PBXVariantGroup section */
		40137AB627D9033400D35F01 /* Main.storyboard */ = {
			isa = PBXVariantGroup;
			children = (
				40137AB727D9033400D35F01 /* Base */,
			);
			name = Main.storyboard;
			sourceTree = "<group>";
		};
		40137ABE27D9033500D35F01 /* LaunchScreen.storyboard */ = {
			isa = PBXVariantGroup;
			children = (
				40137ABF27D9033500D35F01 /* Base */,
			);
			name = LaunchScreen.storyboard;
			sourceTree = "<group>";
		};
/* End PBXVariantGroup section */

/* Begin XCBuildConfiguration section */
		40137AD827D9033500D35F01 /* Debug */ = {
			isa = XCBuildConfiguration;
			buildSettings = {
				ALWAYS_SEARCH_USER_PATHS = NO;
				CLANG_ANALYZER_NONNULL = YES;
				CLANG_ANALYZER_NUMBER_OBJECT_CONVERSION = YES_AGGRESSIVE;
				CLANG_CXX_LANGUAGE_STANDARD = "gnu++17";
				CLANG_CXX_LIBRARY = "libc++";
				CLANG_ENABLE_MODULES = YES;
				CLANG_ENABLE_OBJC_ARC = YES;
				CLANG_ENABLE_OBJC_WEAK = YES;
				CLANG_WARN_BLOCK_CAPTURE_AUTORELEASING = YES;
				CLANG_WARN_BOOL_CONVERSION = YES;
				CLANG_WARN_COMMA = YES;
				CLANG_WARN_CONSTANT_CONVERSION = YES;
				CLANG_WARN_DEPRECATED_OBJC_IMPLEMENTATIONS = YES;
				CLANG_WARN_DIRECT_OBJC_ISA_USAGE = YES_ERROR;
				CLANG_WARN_DOCUMENTATION_COMMENTS = YES;
				CLANG_WARN_EMPTY_BODY = YES;
				CLANG_WARN_ENUM_CONVERSION = YES;
				CLANG_WARN_INFINITE_RECURSION = YES;
				CLANG_WARN_INT_CONVERSION = YES;
				CLANG_WARN_NON_LITERAL_NULL_CONVERSION = YES;
				CLANG_WARN_OBJC_IMPLICIT_RETAIN_SELF = YES;
				CLANG_WARN_OBJC_LITERAL_CONVERSION = YES;
				CLANG_WARN_OBJC_ROOT_CLASS = YES_ERROR;
				CLANG_WARN_QUOTED_INCLUDE_IN_FRAMEWORK_HEADER = YES;
				CLANG_WARN_RANGE_LOOP_ANALYSIS = YES;
				CLANG_WARN_STRICT_PROTOTYPES = YES;
				CLANG_WARN_SUSPICIOUS_MOVE = YES;
				CLANG_WARN_UNGUARDED_AVAILABILITY = YES_AGGRESSIVE;
				CLANG_WARN_UNREACHABLE_CODE = YES;
				CLANG_WARN__DUPLICATE_METHOD_MATCH = YES;
				COPY_PHASE_STRIP = NO;
				DEBUG_INFORMATION_FORMAT = dwarf;
				ENABLE_STRICT_OBJC_MSGSEND = YES;
				ENABLE_TESTABILITY = YES;
				GCC_C_LANGUAGE_STANDARD = gnu11;
				GCC_DYNAMIC_NO_PIC = NO;
				GCC_NO_COMMON_BLOCKS = YES;
				GCC_OPTIMIZATION_LEVEL = 0;
				GCC_PREPROCESSOR_DEFINITIONS = (
					"DEBUG=1",
					"$(inherited)",
				);
				GCC_WARN_64_TO_32_BIT_CONVERSION = YES;
				GCC_WARN_ABOUT_RETURN_TYPE = YES_ERROR;
				GCC_WARN_UNDECLARED_SELECTOR = YES;
				GCC_WARN_UNINITIALIZED_AUTOS = YES_AGGRESSIVE;
				GCC_WARN_UNUSED_FUNCTION = YES;
				GCC_WARN_UNUSED_VARIABLE = YES;
				IPHONEOS_DEPLOYMENT_TARGET = 15.2;
				MTL_ENABLE_DEBUG_INFO = INCLUDE_SOURCE;
				MTL_FAST_MATH = YES;
				ONLY_ACTIVE_ARCH = YES;
				SDKROOT = iphoneos;
				SWIFT_ACTIVE_COMPILATION_CONDITIONS = DEBUG;
				SWIFT_OPTIMIZATION_LEVEL = "-Onone";
			};
			name = Debug;
		};
		40137AD927D9033500D35F01 /* Release */ = {
			isa = XCBuildConfiguration;
			buildSettings = {
				ALWAYS_SEARCH_USER_PATHS = NO;
				CLANG_ANALYZER_NONNULL = YES;
				CLANG_ANALYZER_NUMBER_OBJECT_CONVERSION = YES_AGGRESSIVE;
				CLANG_CXX_LANGUAGE_STANDARD = "gnu++17";
				CLANG_CXX_LIBRARY = "libc++";
				CLANG_ENABLE_MODULES = YES;
				CLANG_ENABLE_OBJC_ARC = YES;
				CLANG_ENABLE_OBJC_WEAK = YES;
				CLANG_WARN_BLOCK_CAPTURE_AUTORELEASING = YES;
				CLANG_WARN_BOOL_CONVERSION = YES;
				CLANG_WARN_COMMA = YES;
				CLANG_WARN_CONSTANT_CONVERSION = YES;
				CLANG_WARN_DEPRECATED_OBJC_IMPLEMENTATIONS = YES;
				CLANG_WARN_DIRECT_OBJC_ISA_USAGE = YES_ERROR;
				CLANG_WARN_DOCUMENTATION_COMMENTS = YES;
				CLANG_WARN_EMPTY_BODY = YES;
				CLANG_WARN_ENUM_CONVERSION = YES;
				CLANG_WARN_INFINITE_RECURSION = YES;
				CLANG_WARN_INT_CONVERSION = YES;
				CLANG_WARN_NON_LITERAL_NULL_CONVERSION = YES;
				CLANG_WARN_OBJC_IMPLICIT_RETAIN_SELF = YES;
				CLANG_WARN_OBJC_LITERAL_CONVERSION = YES;
				CLANG_WARN_OBJC_ROOT_CLASS = YES_ERROR;
				CLANG_WARN_QUOTED_INCLUDE_IN_FRAMEWORK_HEADER = YES;
				CLANG_WARN_RANGE_LOOP_ANALYSIS = YES;
				CLANG_WARN_STRICT_PROTOTYPES = YES;
				CLANG_WARN_SUSPICIOUS_MOVE = YES;
				CLANG_WARN_UNGUARDED_AVAILABILITY = YES_AGGRESSIVE;
				CLANG_WARN_UNREACHABLE_CODE = YES;
				CLANG_WARN__DUPLICATE_METHOD_MATCH = YES;
				COPY_PHASE_STRIP = NO;
				DEBUG_INFORMATION_FORMAT = "dwarf-with-dsym";
				ENABLE_NS_ASSERTIONS = NO;
				ENABLE_STRICT_OBJC_MSGSEND = YES;
				GCC_C_LANGUAGE_STANDARD = gnu11;
				GCC_NO_COMMON_BLOCKS = YES;
				GCC_WARN_64_TO_32_BIT_CONVERSION = YES;
				GCC_WARN_ABOUT_RETURN_TYPE = YES_ERROR;
				GCC_WARN_UNDECLARED_SELECTOR = YES;
				GCC_WARN_UNINITIALIZED_AUTOS = YES_AGGRESSIVE;
				GCC_WARN_UNUSED_FUNCTION = YES;
				GCC_WARN_UNUSED_VARIABLE = YES;
				IPHONEOS_DEPLOYMENT_TARGET = 15.2;
				MTL_ENABLE_DEBUG_INFO = NO;
				MTL_FAST_MATH = YES;
				SDKROOT = iphoneos;
				SWIFT_COMPILATION_MODE = wholemodule;
				SWIFT_OPTIMIZATION_LEVEL = "-O";
				VALIDATE_PRODUCT = YES;
			};
			name = Release;
		};
		40137ADB27D9033500D35F01 /* Debug */ = {
			isa = XCBuildConfiguration;
			baseConfigurationReference = C7A6D0EA6A0EBEBE8D831D2E /* Pods-Parstagram.debug.xcconfig */;
			buildSettings = {
				ASSETCATALOG_COMPILER_APPICON_NAME = AppIcon;
				ASSETCATALOG_COMPILER_GLOBAL_ACCENT_COLOR_NAME = AccentColor;
				CODE_SIGN_STYLE = Automatic;
				CURRENT_PROJECT_VERSION = 1;
				DEVELOPMENT_TEAM = 6LCU5UZJ8A;
				GENERATE_INFOPLIST_FILE = YES;
				INFOPLIST_FILE = Parstagram/Info.plist;
				INFOPLIST_KEY_UIApplicationSupportsIndirectInputEvents = YES;
				INFOPLIST_KEY_UILaunchStoryboardName = LaunchScreen;
				INFOPLIST_KEY_UIMainStoryboardFile = Main;
				INFOPLIST_KEY_UISupportedInterfaceOrientations_iPad = "UIInterfaceOrientationPortrait UIInterfaceOrientationPortraitUpsideDown UIInterfaceOrientationLandscapeLeft UIInterfaceOrientationLandscapeRight";
				INFOPLIST_KEY_UISupportedInterfaceOrientations_iPhone = "UIInterfaceOrientationPortrait UIInterfaceOrientationLandscapeLeft UIInterfaceOrientationLandscapeRight";
				LD_RUNPATH_SEARCH_PATHS = (
					"$(inherited)",
					"@executable_path/Frameworks",
				);
				MARKETING_VERSION = 1.0;
				PRODUCT_BUNDLE_IDENTIFIER = com.MarioOlivares.Parstagram;
				PRODUCT_NAME = "$(TARGET_NAME)";
				SWIFT_EMIT_LOC_STRINGS = YES;
				SWIFT_VERSION = 5.0;
				TARGETED_DEVICE_FAMILY = "1,2";
			};
			name = Debug;
		};
		40137ADC27D9033500D35F01 /* Release */ = {
			isa = XCBuildConfiguration;
			baseConfigurationReference = B62C288987AC90388398318D /* Pods-Parstagram.release.xcconfig */;
			buildSettings = {
				ASSETCATALOG_COMPILER_APPICON_NAME = AppIcon;
				ASSETCATALOG_COMPILER_GLOBAL_ACCENT_COLOR_NAME = AccentColor;
				CODE_SIGN_STYLE = Automatic;
				CURRENT_PROJECT_VERSION = 1;
				DEVELOPMENT_TEAM = 6LCU5UZJ8A;
				GENERATE_INFOPLIST_FILE = YES;
				INFOPLIST_FILE = Parstagram/Info.plist;
				INFOPLIST_KEY_UIApplicationSupportsIndirectInputEvents = YES;
				INFOPLIST_KEY_UILaunchStoryboardName = LaunchScreen;
				INFOPLIST_KEY_UIMainStoryboardFile = Main;
				INFOPLIST_KEY_UISupportedInterfaceOrientations_iPad = "UIInterfaceOrientationPortrait UIInterfaceOrientationPortraitUpsideDown UIInterfaceOrientationLandscapeLeft UIInterfaceOrientationLandscapeRight";
				INFOPLIST_KEY_UISupportedInterfaceOrientations_iPhone = "UIInterfaceOrientationPortrait UIInterfaceOrientationLandscapeLeft UIInterfaceOrientationLandscapeRight";
				LD_RUNPATH_SEARCH_PATHS = (
					"$(inherited)",
					"@executable_path/Frameworks",
				);
				MARKETING_VERSION = 1.0;
				PRODUCT_BUNDLE_IDENTIFIER = com.MarioOlivares.Parstagram;
				PRODUCT_NAME = "$(TARGET_NAME)";
				SWIFT_EMIT_LOC_STRINGS = YES;
				SWIFT_VERSION = 5.0;
				TARGETED_DEVICE_FAMILY = "1,2";
			};
			name = Release;
		};
		40137ADE27D9033500D35F01 /* Debug */ = {
			isa = XCBuildConfiguration;
			baseConfigurationReference = 2963A142EF035B5AF4726564 /* Pods-ParstagramTests.debug.xcconfig */;
			buildSettings = {
				ALWAYS_EMBED_SWIFT_STANDARD_LIBRARIES = YES;
				BUNDLE_LOADER = "$(TEST_HOST)";
				CODE_SIGN_STYLE = Automatic;
				CURRENT_PROJECT_VERSION = 1;
				DEVELOPMENT_TEAM = 6LCU5UZJ8A;
				GENERATE_INFOPLIST_FILE = YES;
				IPHONEOS_DEPLOYMENT_TARGET = 15.2;
				MARKETING_VERSION = 1.0;
				PRODUCT_BUNDLE_IDENTIFIER = com.MarioOlivares.ParstagramTests;
				PRODUCT_NAME = "$(TARGET_NAME)";
				SWIFT_EMIT_LOC_STRINGS = NO;
				SWIFT_VERSION = 5.0;
				TARGETED_DEVICE_FAMILY = "1,2";
				TEST_HOST = "$(BUILT_PRODUCTS_DIR)/Parstagram.app/Parstagram";
			};
			name = Debug;
		};
		40137ADF27D9033500D35F01 /* Release */ = {
			isa = XCBuildConfiguration;
			baseConfigurationReference = 8A86566E22FAE23CD76D7C36 /* Pods-ParstagramTests.release.xcconfig */;
			buildSettings = {
				ALWAYS_EMBED_SWIFT_STANDARD_LIBRARIES = YES;
				BUNDLE_LOADER = "$(TEST_HOST)";
				CODE_SIGN_STYLE = Automatic;
				CURRENT_PROJECT_VERSION = 1;
				DEVELOPMENT_TEAM = 6LCU5UZJ8A;
				GENERATE_INFOPLIST_FILE = YES;
				IPHONEOS_DEPLOYMENT_TARGET = 15.2;
				MARKETING_VERSION = 1.0;
				PRODUCT_BUNDLE_IDENTIFIER = com.MarioOlivares.ParstagramTests;
				PRODUCT_NAME = "$(TARGET_NAME)";
				SWIFT_EMIT_LOC_STRINGS = NO;
				SWIFT_VERSION = 5.0;
				TARGETED_DEVICE_FAMILY = "1,2";
				TEST_HOST = "$(BUILT_PRODUCTS_DIR)/Parstagram.app/Parstagram";
			};
			name = Release;
		};
		40137AE127D9033500D35F01 /* Debug */ = {
			isa = XCBuildConfiguration;
			baseConfigurationReference = A9FF0733F91DBBEA32B6A7CC /* Pods-Parstagram-ParstagramUITests.debug.xcconfig */;
			buildSettings = {
				ALWAYS_EMBED_SWIFT_STANDARD_LIBRARIES = YES;
				CODE_SIGN_STYLE = Automatic;
				CURRENT_PROJECT_VERSION = 1;
				DEVELOPMENT_TEAM = 6LCU5UZJ8A;
				GENERATE_INFOPLIST_FILE = YES;
				MARKETING_VERSION = 1.0;
				PRODUCT_BUNDLE_IDENTIFIER = com.MarioOlivares.ParstagramUITests;
				PRODUCT_NAME = "$(TARGET_NAME)";
				SWIFT_EMIT_LOC_STRINGS = NO;
				SWIFT_VERSION = 5.0;
				TARGETED_DEVICE_FAMILY = "1,2";
				TEST_TARGET_NAME = Parstagram;
			};
			name = Debug;
		};
		40137AE227D9033500D35F01 /* Release */ = {
			isa = XCBuildConfiguration;
			baseConfigurationReference = 0131BAD91122E2183728CE40 /* Pods-Parstagram-ParstagramUITests.release.xcconfig */;
			buildSettings = {
				ALWAYS_EMBED_SWIFT_STANDARD_LIBRARIES = YES;
				CODE_SIGN_STYLE = Automatic;
				CURRENT_PROJECT_VERSION = 1;
				DEVELOPMENT_TEAM = 6LCU5UZJ8A;
				GENERATE_INFOPLIST_FILE = YES;
				MARKETING_VERSION = 1.0;
				PRODUCT_BUNDLE_IDENTIFIER = com.MarioOlivares.ParstagramUITests;
				PRODUCT_NAME = "$(TARGET_NAME)";
				SWIFT_EMIT_LOC_STRINGS = NO;
				SWIFT_VERSION = 5.0;
				TARGETED_DEVICE_FAMILY = "1,2";
				TEST_TARGET_NAME = Parstagram;
			};
			name = Release;
		};
/* End XCBuildConfiguration section */

/* Begin XCConfigurationList section */
		40137AA827D9033400D35F01 /* Build configuration list for PBXProject "Parstagram" */ = {
			isa = XCConfigurationList;
			buildConfigurations = (
				40137AD827D9033500D35F01 /* Debug */,
				40137AD927D9033500D35F01 /* Release */,
			);
			defaultConfigurationIsVisible = 0;
			defaultConfigurationName = Release;
		};
		40137ADA27D9033500D35F01 /* Build configuration list for PBXNativeTarget "Parstagram" */ = {
			isa = XCConfigurationList;
			buildConfigurations = (
				40137ADB27D9033500D35F01 /* Debug */,
				40137ADC27D9033500D35F01 /* Release */,
			);
			defaultConfigurationIsVisible = 0;
			defaultConfigurationName = Release;
		};
		40137ADD27D9033500D35F01 /* Build configuration list for PBXNativeTarget "ParstagramTests" */ = {
			isa = XCConfigurationList;
			buildConfigurations = (
				40137ADE27D9033500D35F01 /* Debug */,
				40137ADF27D9033500D35F01 /* Release */,
			);
			defaultConfigurationIsVisible = 0;
			defaultConfigurationName = Release;
		};
		40137AE027D9033500D35F01 /* Build configuration list for PBXNativeTarget "ParstagramUITests" */ = {
			isa = XCConfigurationList;
			buildConfigurations = (
				40137AE127D9033500D35F01 /* Debug */,
				40137AE227D9033500D35F01 /* Release */,
			);
			defaultConfigurationIsVisible = 0;
			defaultConfigurationName = Release;
		};
/* End XCConfigurationList section */

/* Begin XCVersionGroup section */
		40137AB927D9033400D35F01 /* Parstagram.xcdatamodeld */ = {
			isa = XCVersionGroup;
			children = (
				40137ABA27D9033400D35F01 /* Parstagram.xcdatamodel */,
			);
			currentVersion = 40137ABA27D9033400D35F01 /* Parstagram.xcdatamodel */;
			path = Parstagram.xcdatamodeld;
			sourceTree = "<group>";
			versionGroupType = wrapper.xcdatamodel;
		};
/* End XCVersionGroup section */
	};
	rootObject = 40137AA527D9033400D35F01 /* Project object */;
}
